// !$*UTF8*$!
{
	archiveVersion = 1;
	classes = {
	};
	objectVersion = 56;
	objects = {

/* Begin PBXBuildFile section */
		4D5A6E3129A3ACCC00614A28 /* RecipeInfo.swift in Sources */ = {isa = PBXBuildFile; fileRef = 4D5A6E3029A3ACCC00614A28 /* RecipeInfo.swift */; };
		4DE2F525299722E1002AA1BA /* MyCart.swift in Sources */ = {isa = PBXBuildFile; fileRef = 4DE2F524299722E1002AA1BA /* MyCart.swift */; };
		4DE2F527299722E8002AA1BA /* Profile.swift in Sources */ = {isa = PBXBuildFile; fileRef = 4DE2F526299722E8002AA1BA /* Profile.swift */; };
		4DE2F529299722F1002AA1BA /* Recipes.swift in Sources */ = {isa = PBXBuildFile; fileRef = 4DE2F528299722F1002AA1BA /* Recipes.swift */; };
		4DE2F52B299722F7002AA1BA /* Pantry.swift in Sources */ = {isa = PBXBuildFile; fileRef = 4DE2F52A299722F7002AA1BA /* Pantry.swift */; };
		4DE2F52D299722FE002AA1BA /* MainView.swift in Sources */ = {isa = PBXBuildFile; fileRef = 4DE2F52C299722FE002AA1BA /* MainView.swift */; };
		4DE2F52F29972309002AA1BA /* SignIn.swift in Sources */ = {isa = PBXBuildFile; fileRef = 4DE2F52E29972309002AA1BA /* SignIn.swift */; };
		4DE2F53129972312002AA1BA /* SignUp.swift in Sources */ = {isa = PBXBuildFile; fileRef = 4DE2F53029972312002AA1BA /* SignUp.swift */; };
		4DE2F53329972317002AA1BA /* InfoTwo.swift in Sources */ = {isa = PBXBuildFile; fileRef = 4DE2F53229972317002AA1BA /* InfoTwo.swift */; };
		4DE2F5352997231E002AA1BA /* InfoOne.swift in Sources */ = {isa = PBXBuildFile; fileRef = 4DE2F5342997231E002AA1BA /* InfoOne.swift */; };
		4DE2F53729972326002AA1BA /* InfoThree.swift in Sources */ = {isa = PBXBuildFile; fileRef = 4DE2F53629972326002AA1BA /* InfoThree.swift */; };
		4DE2F5392997F679002AA1BA /* TabBar.swift in Sources */ = {isa = PBXBuildFile; fileRef = 4DE2F5382997F679002AA1BA /* TabBar.swift */; };
		9B09BE9B298B267E00939FFD /* EasyMealApp.swift in Sources */ = {isa = PBXBuildFile; fileRef = 9B09BE9A298B267E00939FFD /* EasyMealApp.swift */; };
		9B09BE9D298B267E00939FFD /* MainPage.swift in Sources */ = {isa = PBXBuildFile; fileRef = 9B09BE9C298B267E00939FFD /* MainPage.swift */; };
		9B09BE9F298B267F00939FFD /* Assets.xcassets in Resources */ = {isa = PBXBuildFile; fileRef = 9B09BE9E298B267F00939FFD /* Assets.xcassets */; };
		9B09BEA2298B267F00939FFD /* Preview Assets.xcassets in Resources */ = {isa = PBXBuildFile; fileRef = 9B09BEA1298B267F00939FFD /* Preview Assets.xcassets */; };
/* End PBXBuildFile section */

/* Begin PBXFileReference section */
		4D5A6E3029A3ACCC00614A28 /* RecipeInfo.swift */ = {isa = PBXFileReference; lastKnownFileType = sourcecode.swift; path = RecipeInfo.swift; sourceTree = "<group>"; };
		4DE2F524299722E1002AA1BA /* MyCart.swift */ = {isa = PBXFileReference; lastKnownFileType = sourcecode.swift; path = MyCart.swift; sourceTree = "<group>"; };
		4DE2F526299722E8002AA1BA /* Profile.swift */ = {isa = PBXFileReference; lastKnownFileType = sourcecode.swift; path = Profile.swift; sourceTree = "<group>"; };
		4DE2F528299722F1002AA1BA /* Recipes.swift */ = {isa = PBXFileReference; lastKnownFileType = sourcecode.swift; path = Recipes.swift; sourceTree = "<group>"; };
		4DE2F52A299722F7002AA1BA /* Pantry.swift */ = {isa = PBXFileReference; lastKnownFileType = sourcecode.swift; path = Pantry.swift; sourceTree = "<group>"; };
		4DE2F52C299722FE002AA1BA /* MainView.swift */ = {isa = PBXFileReference; lastKnownFileType = sourcecode.swift; path = MainView.swift; sourceTree = "<group>"; };
		4DE2F52E29972309002AA1BA /* SignIn.swift */ = {isa = PBXFileReference; lastKnownFileType = sourcecode.swift; path = SignIn.swift; sourceTree = "<group>"; };
		4DE2F53029972312002AA1BA /* SignUp.swift */ = {isa = PBXFileReference; lastKnownFileType = sourcecode.swift; path = SignUp.swift; sourceTree = "<group>"; };
		4DE2F53229972317002AA1BA /* InfoTwo.swift */ = {isa = PBXFileReference; lastKnownFileType = sourcecode.swift; path = InfoTwo.swift; sourceTree = "<group>"; };
		4DE2F5342997231E002AA1BA /* InfoOne.swift */ = {isa = PBXFileReference; lastKnownFileType = sourcecode.swift; path = InfoOne.swift; sourceTree = "<group>"; };
		4DE2F53629972326002AA1BA /* InfoThree.swift */ = {isa = PBXFileReference; lastKnownFileType = sourcecode.swift; path = InfoThree.swift; sourceTree = "<group>"; };
		4DE2F5382997F679002AA1BA /* TabBar.swift */ = {isa = PBXFileReference; lastKnownFileType = sourcecode.swift; path = TabBar.swift; sourceTree = "<group>"; };
		9B09BE97298B267E00939FFD /* EasyMeal.app */ = {isa = PBXFileReference; explicitFileType = wrapper.application; includeInIndex = 0; path = EasyMeal.app; sourceTree = BUILT_PRODUCTS_DIR; };
		9B09BE9A298B267E00939FFD /* EasyMealApp.swift */ = {isa = PBXFileReference; lastKnownFileType = sourcecode.swift; path = EasyMealApp.swift; sourceTree = "<group>"; };
		9B09BE9C298B267E00939FFD /* MainPage.swift */ = {isa = PBXFileReference; lastKnownFileType = sourcecode.swift; path = MainPage.swift; sourceTree = "<group>"; };
		9B09BE9E298B267F00939FFD /* Assets.xcassets */ = {isa = PBXFileReference; lastKnownFileType = folder.assetcatalog; path = Assets.xcassets; sourceTree = "<group>"; };
		9B09BEA1298B267F00939FFD /* Preview Assets.xcassets */ = {isa = PBXFileReference; lastKnownFileType = folder.assetcatalog; path = "Preview Assets.xcassets"; sourceTree = "<group>"; };
/* End PBXFileReference section */

/* Begin PBXFrameworksBuildPhase section */
		9B09BE94298B267E00939FFD /* Frameworks */ = {
			isa = PBXFrameworksBuildPhase;
			buildActionMask = 2147483647;
			files = (
			);
			runOnlyForDeploymentPostprocessing = 0;
		};
/* End PBXFrameworksBuildPhase section */

/* Begin PBXGroup section */
		9B09BE8E298B267E00939FFD = {
			isa = PBXGroup;
			children = (
				9B09BE99298B267E00939FFD /* EasyMeal */,
				9B09BE98298B267E00939FFD /* Products */,
			);
			sourceTree = "<group>";
		};
		9B09BE98298B267E00939FFD /* Products */ = {
			isa = PBXGroup;
			children = (
				9B09BE97298B267E00939FFD /* EasyMeal.app */,
			);
			name = Products;
			sourceTree = "<group>";
		};
		9B09BE99298B267E00939FFD /* EasyMeal */ = {
			isa = PBXGroup;
			children = (
				4DE2F5382997F679002AA1BA /* TabBar.swift */,
				9B09BE9A298B267E00939FFD /* EasyMealApp.swift */,
				9B09BE9C298B267E00939FFD /* MainPage.swift */,
				4DE2F524299722E1002AA1BA /* MyCart.swift */,
				4DE2F526299722E8002AA1BA /* Profile.swift */,
				4DE2F528299722F1002AA1BA /* Recipes.swift */,
				4DE2F52A299722F7002AA1BA /* Pantry.swift */,
				4D5A6E3029A3ACCC00614A28 /* RecipeInfo.swift */,
				4DE2F52C299722FE002AA1BA /* MainView.swift */,
				4DE2F52E29972309002AA1BA /* SignIn.swift */,
				4DE2F53029972312002AA1BA /* SignUp.swift */,
				4DE2F53229972317002AA1BA /* InfoTwo.swift */,
				4DE2F5342997231E002AA1BA /* InfoOne.swift */,
				4DE2F53629972326002AA1BA /* InfoThree.swift */,
				9B09BE9E298B267F00939FFD /* Assets.xcassets */,
				9B09BEA0298B267F00939FFD /* Preview Content */,
			);
			path = EasyMeal;
			sourceTree = "<group>";
		};
		9B09BEA0298B267F00939FFD /* Preview Content */ = {
			isa = PBXGroup;
			children = (
				9B09BEA1298B267F00939FFD /* Preview Assets.xcassets */,
			);
			path = "Preview Content";
			sourceTree = "<group>";
		};
/* End PBXGroup section */

/* Begin PBXNativeTarget section */
		9B09BE96298B267E00939FFD /* EasyMeal */ = {
			isa = PBXNativeTarget;
			buildConfigurationList = 9B09BEA5298B267F00939FFD /* Build configuration list for PBXNativeTarget "EasyMeal" */;
			buildPhases = (
				9B09BE93298B267E00939FFD /* Sources */,
				9B09BE94298B267E00939FFD /* Frameworks */,
				9B09BE95298B267E00939FFD /* Resources */,
			);
			buildRules = (
			);
			dependencies = (
			);
			name = EasyMeal;
			productName = EasyMeal;
			productReference = 9B09BE97298B267E00939FFD /* EasyMeal.app */;
			productType = "com.apple.product-type.application";
		};
/* End PBXNativeTarget section */

/* Begin PBXProject section */
		9B09BE8F298B267E00939FFD /* Project object */ = {
			isa = PBXProject;
			attributes = {
				BuildIndependentTargetsInParallel = 1;
				LastSwiftUpdateCheck = 1420;
				LastUpgradeCheck = 1420;
				TargetAttributes = {
					9B09BE96298B267E00939FFD = {
						CreatedOnToolsVersion = 14.2;
					};
				};
			};
			buildConfigurationList = 9B09BE92298B267E00939FFD /* Build configuration list for PBXProject "EasyMeal" */;
			compatibilityVersion = "Xcode 14.0";
			developmentRegion = en;
			hasScannedForEncodings = 0;
			knownRegions = (
				en,
				Base,
			);
			mainGroup = 9B09BE8E298B267E00939FFD;
			productRefGroup = 9B09BE98298B267E00939FFD /* Products */;
			projectDirPath = "";
			projectRoot = "";
			targets = (
				9B09BE96298B267E00939FFD /* EasyMeal */,
			);
		};
/* End PBXProject section */

/* Begin PBXResourcesBuildPhase section */
		9B09BE95298B267E00939FFD /* Resources */ = {
			isa = PBXResourcesBuildPhase;
			buildActionMask = 2147483647;
			files = (
				9B09BEA2298B267F00939FFD /* Preview Assets.xcassets in Resources */,
				9B09BE9F298B267F00939FFD /* Assets.xcassets in Resources */,
			);
			runOnlyForDeploymentPostprocessing = 0;
		};
/* End PBXResourcesBuildPhase section */

/* Begin PBXSourcesBuildPhase section */
		9B09BE93298B267E00939FFD /* Sources */ = {
			isa = PBXSourcesBuildPhase;
			buildActionMask = 2147483647;
			files = (
				4DE2F529299722F1002AA1BA /* Recipes.swift in Sources */,
				4DE2F52D299722FE002AA1BA /* MainView.swift in Sources */,
				9B09BE9D298B267E00939FFD /* MainPage.swift in Sources */,
				4DE2F527299722E8002AA1BA /* Profile.swift in Sources */,
				4DE2F52B299722F7002AA1BA /* Pantry.swift in Sources */,
				9B09BE9B298B267E00939FFD /* EasyMealApp.swift in Sources */,
				4DE2F53729972326002AA1BA /* InfoThree.swift in Sources */,
				4D5A6E3129A3ACCC00614A28 /* RecipeInfo.swift in Sources */,
				4DE2F525299722E1002AA1BA /* MyCart.swift in Sources */,
				4DE2F53129972312002AA1BA /* SignUp.swift in Sources */,
				4DE2F5392997F679002AA1BA /* TabBar.swift in Sources */,
				4DE2F5352997231E002AA1BA /* InfoOne.swift in Sources */,
				4DE2F53329972317002AA1BA /* InfoTwo.swift in Sources */,
				4DE2F52F29972309002AA1BA /* SignIn.swift in Sources */,
			);
			runOnlyForDeploymentPostprocessing = 0;
		};
/* End PBXSourcesBuildPhase section */

/* Begin XCBuildConfiguration section */
		9B09BEA3298B267F00939FFD /* Debug */ = {
			isa = XCBuildConfiguration;
			buildSettings = {
				ALWAYS_SEARCH_USER_PATHS = NO;
				CLANG_ANALYZER_NONNULL = YES;
				CLANG_ANALYZER_NUMBER_OBJECT_CONVERSION = YES_AGGRESSIVE;
				CLANG_CXX_LANGUAGE_STANDARD = "gnu++20";
				CLANG_ENABLE_MODULES = YES;
				CLANG_ENABLE_OBJC_ARC = YES;
				CLANG_ENABLE_OBJC_WEAK = YES;
				CLANG_WARN_BLOCK_CAPTURE_AUTORELEASING = YES;
				CLANG_WARN_BOOL_CONVERSION = YES;
				CLANG_WARN_COMMA = YES;
				CLANG_WARN_CONSTANT_CONVERSION = YES;
				CLANG_WARN_DEPRECATED_OBJC_IMPLEMENTATIONS = YES;
				CLANG_WARN_DIRECT_OBJC_ISA_USAGE = YES_ERROR;
				CLANG_WARN_DOCUMENTATION_COMMENTS = YES;
				CLANG_WARN_EMPTY_BODY = YES;
				CLANG_WARN_ENUM_CONVERSION = YES;
				CLANG_WARN_INFINITE_RECURSION = YES;
				CLANG_WARN_INT_CONVERSION = YES;
				CLANG_WARN_NON_LITERAL_NULL_CONVERSION = YES;
				CLANG_WARN_OBJC_IMPLICIT_RETAIN_SELF = YES;
				CLANG_WARN_OBJC_LITERAL_CONVERSION = YES;
				CLANG_WARN_OBJC_ROOT_CLASS = YES_ERROR;
				CLANG_WARN_QUOTED_INCLUDE_IN_FRAMEWORK_HEADER = YES;
				CLANG_WARN_RANGE_LOOP_ANALYSIS = YES;
				CLANG_WARN_STRICT_PROTOTYPES = YES;
				CLANG_WARN_SUSPICIOUS_MOVE = YES;
				CLANG_WARN_UNGUARDED_AVAILABILITY = YES_AGGRESSIVE;
				CLANG_WARN_UNREACHABLE_CODE = YES;
				CLANG_WARN__DUPLICATE_METHOD_MATCH = YES;
				COPY_PHASE_STRIP = NO;
				DEBUG_INFORMATION_FORMAT = dwarf;
				ENABLE_STRICT_OBJC_MSGSEND = YES;
				ENABLE_TESTABILITY = YES;
				GCC_C_LANGUAGE_STANDARD = gnu11;
				GCC_DYNAMIC_NO_PIC = NO;
				GCC_NO_COMMON_BLOCKS = YES;
				GCC_OPTIMIZATION_LEVEL = 0;
				GCC_PREPROCESSOR_DEFINITIONS = (
					"DEBUG=1",
					"$(inherited)",
				);
				GCC_WARN_64_TO_32_BIT_CONVERSION = YES;
				GCC_WARN_ABOUT_RETURN_TYPE = YES_ERROR;
				GCC_WARN_UNDECLARED_SELECTOR = YES;
				GCC_WARN_UNINITIALIZED_AUTOS = YES_AGGRESSIVE;
				GCC_WARN_UNUSED_FUNCTION = YES;
				GCC_WARN_UNUSED_VARIABLE = YES;
				IPHONEOS_DEPLOYMENT_TARGET = 16.2;
				MTL_ENABLE_DEBUG_INFO = INCLUDE_SOURCE;
				MTL_FAST_MATH = YES;
				ONLY_ACTIVE_ARCH = YES;
				SDKROOT = iphoneos;
				SWIFT_ACTIVE_COMPILATION_CONDITIONS = DEBUG;
				SWIFT_OPTIMIZATION_LEVEL = "-Onone";
			};
			name = Debug;
		};
		9B09BEA4298B267F00939FFD /* Release */ = {
			isa = XCBuildConfiguration;
			buildSettings = {
				ALWAYS_SEARCH_USER_PATHS = NO;
				CLANG_ANALYZER_NONNULL = YES;
				CLANG_ANALYZER_NUMBER_OBJECT_CONVERSION = YES_AGGRESSIVE;
				CLANG_CXX_LANGUAGE_STANDARD = "gnu++20";
				CLANG_ENABLE_MODULES = YES;
				CLANG_ENABLE_OBJC_ARC = YES;
				CLANG_ENABLE_OBJC_WEAK = YES;
				CLANG_WARN_BLOCK_CAPTURE_AUTORELEASING = YES;
				CLANG_WARN_BOOL_CONVERSION = YES;
				CLANG_WARN_COMMA = YES;
				CLANG_WARN_CONSTANT_CONVERSION = YES;
				CLANG_WARN_DEPRECATED_OBJC_IMPLEMENTATIONS = YES;
				CLANG_WARN_DIRECT_OBJC_ISA_USAGE = YES_ERROR;
				CLANG_WARN_DOCUMENTATION_COMMENTS = YES;
				CLANG_WARN_EMPTY_BODY = YES;
				CLANG_WARN_ENUM_CONVERSION = YES;
				CLANG_WARN_INFINITE_RECURSION = YES;
				CLANG_WARN_INT_CONVERSION = YES;
				CLANG_WARN_NON_LITERAL_NULL_CONVERSION = YES;
				CLANG_WARN_OBJC_IMPLICIT_RETAIN_SELF = YES;
				CLANG_WARN_OBJC_LITERAL_CONVERSION = YES;
				CLANG_WARN_OBJC_ROOT_CLASS = YES_ERROR;
				CLANG_WARN_QUOTED_INCLUDE_IN_FRAMEWORK_HEADER = YES;
				CLANG_WARN_RANGE_LOOP_ANALYSIS = YES;
				CLANG_WARN_STRICT_PROTOTYPES = YES;
				CLANG_WARN_SUSPICIOUS_MOVE = YES;
				CLANG_WARN_UNGUARDED_AVAILABILITY = YES_AGGRESSIVE;
				CLANG_WARN_UNREACHABLE_CODE = YES;
				CLANG_WARN__DUPLICATE_METHOD_MATCH = YES;
				COPY_PHASE_STRIP = NO;
				DEBUG_INFORMATION_FORMAT = "dwarf-with-dsym";
				ENABLE_NS_ASSERTIONS = NO;
				ENABLE_STRICT_OBJC_MSGSEND = YES;
				GCC_C_LANGUAGE_STANDARD = gnu11;
				GCC_NO_COMMON_BLOCKS = YES;
				GCC_WARN_64_TO_32_BIT_CONVERSION = YES;
				GCC_WARN_ABOUT_RETURN_TYPE = YES_ERROR;
				GCC_WARN_UNDECLARED_SELECTOR = YES;
				GCC_WARN_UNINITIALIZED_AUTOS = YES_AGGRESSIVE;
				GCC_WARN_UNUSED_FUNCTION = YES;
				GCC_WARN_UNUSED_VARIABLE = YES;
				IPHONEOS_DEPLOYMENT_TARGET = 16.2;
				MTL_ENABLE_DEBUG_INFO = NO;
				MTL_FAST_MATH = YES;
				SDKROOT = iphoneos;
				SWIFT_COMPILATION_MODE = wholemodule;
				SWIFT_OPTIMIZATION_LEVEL = "-O";
				VALIDATE_PRODUCT = YES;
			};
			name = Release;
		};
		9B09BEA6298B267F00939FFD /* Debug */ = {
			isa = XCBuildConfiguration;
			buildSettings = {
				ASSETCATALOG_COMPILER_APPICON_NAME = AppIcon;
				ASSETCATALOG_COMPILER_GLOBAL_ACCENT_COLOR_NAME = AccentColor;
				CODE_SIGN_STYLE = Automatic;
				CURRENT_PROJECT_VERSION = 1;
				DEVELOPMENT_ASSET_PATHS = "\"EasyMeal/Preview Content\"";
				ENABLE_PREVIEWS = YES;
				GENERATE_INFOPLIST_FILE = YES;
				INFOPLIST_KEY_UIApplicationSceneManifest_Generation = YES;
				INFOPLIST_KEY_UIApplicationSupportsIndirectInputEvents = YES;
				INFOPLIST_KEY_UILaunchScreen_Generation = YES;
				INFOPLIST_KEY_UISupportedInterfaceOrientations_iPad = "UIInterfaceOrientationPortrait UIInterfaceOrientationPortraitUpsideDown UIInterfaceOrientationLandscapeLeft UIInterfaceOrientationLandscapeRight";
				INFOPLIST_KEY_UISupportedInterfaceOrientations_iPhone = "UIInterfaceOrientationPortrait UIInterfaceOrientationLandscapeLeft UIInterfaceOrientationLandscapeRight";
				IPHONEOS_DEPLOYMENT_TARGET = 16.0;
				LD_RUNPATH_SEARCH_PATHS = (
					"$(inherited)",
					"@executable_path/Frameworks",
				);
				MARKETING_VERSION = 1.0;
				PRODUCT_BUNDLE_IDENTIFIER = com.AlexStrugacz.EasyMeal;
				PRODUCT_NAME = "$(TARGET_NAME)";
				SWIFT_EMIT_LOC_STRINGS = YES;
				SWIFT_VERSION = 5.0;
				TARGETED_DEVICE_FAMILY = "1,2";
			};
			name = Debug;
		};
		9B09BEA7298B267F00939FFD /* Release */ = {
			isa = XCBuildConfiguration;
			buildSettings = {
				ASSETCATALOG_COMPILER_APPICON_NAME = AppIcon;
				ASSETCATALOG_COMPILER_GLOBAL_ACCENT_COLOR_NAME = AccentColor;
				CODE_SIGN_STYLE = Automatic;
				CURRENT_PROJECT_VERSION = 1;
				DEVELOPMENT_ASSET_PATHS = "\"EasyMeal/Preview Content\"";
				ENABLE_PREVIEWS = YES;
				GENERATE_INFOPLIST_FILE = YES;
				INFOPLIST_KEY_UIApplicationSceneManifest_Generation = YES;
				INFOPLIST_KEY_UIApplicationSupportsIndirectInputEvents = YES;
				INFOPLIST_KEY_UILaunchScreen_Generation = YES;
				INFOPLIST_KEY_UISupportedInterfaceOrientations_iPad = "UIInterfaceOrientationPortrait UIInterfaceOrientationPortraitUpsideDown UIInterfaceOrientationLandscapeLeft UIInterfaceOrientationLandscapeRight";
				INFOPLIST_KEY_UISupportedInterfaceOrientations_iPhone = "UIInterfaceOrientationPortrait UIInterfaceOrientationLandscapeLeft UIInterfaceOrientationLandscapeRight";
				IPHONEOS_DEPLOYMENT_TARGET = 16.0;
				LD_RUNPATH_SEARCH_PATHS = (
					"$(inherited)",
					"@executable_path/Frameworks",
				);
				MARKETING_VERSION = 1.0;
				PRODUCT_BUNDLE_IDENTIFIER = com.AlexStrugacz.EasyMeal;
				PRODUCT_NAME = "$(TARGET_NAME)";
				SWIFT_EMIT_LOC_STRINGS = YES;
				SWIFT_VERSION = 5.0;
				TARGETED_DEVICE_FAMILY = "1,2";
			};
			name = Release;
		};
/* End XCBuildConfiguration section */

/* Begin XCConfigurationList section */
		9B09BE92298B267E00939FFD /* Build configuration list for PBXProject "EasyMeal" */ = {
			isa = XCConfigurationList;
			buildConfigurations = (
				9B09BEA3298B267F00939FFD /* Debug */,
				9B09BEA4298B267F00939FFD /* Release */,
			);
			defaultConfigurationIsVisible = 0;
			defaultConfigurationName = Release;
		};
		9B09BEA5298B267F00939FFD /* Build configuration list for PBXNativeTarget "EasyMeal" */ = {
			isa = XCConfigurationList;
			buildConfigurations = (
				9B09BEA6298B267F00939FFD /* Debug */,
				9B09BEA7298B267F00939FFD /* Release */,
			);
			defaultConfigurationIsVisible = 0;
			defaultConfigurationName = Release;
		};
/* End XCConfigurationList section */
	};
	rootObject = 9B09BE8F298B267E00939FFD /* Project object */;
}
